# Written by meadow. Commit this file: it is what makes a build on
# another machine the build you tested. Change it with `meadow update`.

version = 1

[[package]]
name = "UnicodeWidth"
source = "git+https://github.com/meadow-lang/UnicodeWidth?version=0.2.0"
version = "0.2.0"
rev = "a4580b8010ecfba736c0f7d105a308db6972e60e"
tree = "018d5c43b7b4c92e41fdcb4b91907ae7654bd335"
